// !$*UTF8*$!
{
	archiveVersion = 1;
	classes = {
	};
	objectVersion = 56;
	objects = {

/* Begin PBXBuildFile section */
		02BDE7592ACD6A1E00DF799E /* ProfileThreadFilter.swift in Sources */ = {isa = PBXBuildFile; fileRef = 02BDE7582ACD6A1E00DF799E /* ProfileThreadFilter.swift */; };
		02BDE75F2ACE77D700DF799E /* EditProfileView.swift in Sources */ = {isa = PBXBuildFile; fileRef = 02BDE75E2ACE77D700DF799E /* EditProfileView.swift */; };
		02E1E9412AC40E4B002ED743 /* CirclularProfileImageView.swift in Sources */ = {isa = PBXBuildFile; fileRef = 02E1E9402AC40E4B002ED743 /* CirclularProfileImageView.swift */; };
		02E1E9432AC40F05002ED743 /* UserCell.swift in Sources */ = {isa = PBXBuildFile; fileRef = 02E1E9422AC40F05002ED743 /* UserCell.swift */; };
		02EDBBA82ABDF489004088B9 /* ThreadsCloneAppApp.swift in Sources */ = {isa = PBXBuildFile; fileRef = 02EDBBA72ABDF489004088B9 /* ThreadsCloneAppApp.swift */; };
		02EDBBAA2ABDF489004088B9 /* ContentView.swift in Sources */ = {isa = PBXBuildFile; fileRef = 02EDBBA92ABDF489004088B9 /* ContentView.swift */; };
		02EDBBAC2ABDF48B004088B9 /* Assets.xcassets in Resources */ = {isa = PBXBuildFile; fileRef = 02EDBBAB2ABDF48B004088B9 /* Assets.xcassets */; };
		02EDBBAF2ABDF48B004088B9 /* Preview Assets.xcassets in Resources */ = {isa = PBXBuildFile; fileRef = 02EDBBAE2ABDF48B004088B9 /* Preview Assets.xcassets */; };
		02EDBBC22ABDF5B4004088B9 /* LoginView.swift in Sources */ = {isa = PBXBuildFile; fileRef = 02EDBBC12ABDF5B4004088B9 /* LoginView.swift */; };
		02EDBBC42ABDFC1C004088B9 /* RegistrationView.swift in Sources */ = {isa = PBXBuildFile; fileRef = 02EDBBC32ABDFC1C004088B9 /* RegistrationView.swift */; };
		02EDBBC72ABDFDFA004088B9 /* ThreadsTextFieldModifier.swift in Sources */ = {isa = PBXBuildFile; fileRef = 02EDBBC62ABDFDFA004088B9 /* ThreadsTextFieldModifier.swift */; };
		02EDBBCA2ABE0099004088B9 /* ThreadsTabView.swift in Sources */ = {isa = PBXBuildFile; fileRef = 02EDBBC92ABE0099004088B9 /* ThreadsTabView.swift */; };
		02EDBBCC2ABE0576004088B9 /* FeedView.swift in Sources */ = {isa = PBXBuildFile; fileRef = 02EDBBCB2ABE0576004088B9 /* FeedView.swift */; };
		02EDBBD22ABE0630004088B9 /* ExplorevView.swift in Sources */ = {isa = PBXBuildFile; fileRef = 02EDBBD12ABE0630004088B9 /* ExplorevView.swift */; };
		02EDBBD62ABE0667004088B9 /* ActivityView.swift in Sources */ = {isa = PBXBuildFile; fileRef = 02EDBBD52ABE0667004088B9 /* ActivityView.swift */; };
		02EDBBDA2ABE0697004088B9 /* ThreadCreationView.swift in Sources */ = {isa = PBXBuildFile; fileRef = 02EDBBD92ABE0697004088B9 /* ThreadCreationView.swift */; };
		02EDBBDE2ABE06E6004088B9 /* ProfileView.swift in Sources */ = {isa = PBXBuildFile; fileRef = 02EDBBDD2ABE06E6004088B9 /* ProfileView.swift */; };
		02EDBBE02AC2B787004088B9 /* ThreadCell.swift in Sources */ = {isa = PBXBuildFile; fileRef = 02EDBBDF2AC2B787004088B9 /* ThreadCell.swift */; };
/* End PBXBuildFile section */

/* Begin PBXFileReference section */
		02BDE7582ACD6A1E00DF799E /* ProfileThreadFilter.swift */ = {isa = PBXFileReference; lastKnownFileType = sourcecode.swift; path = ProfileThreadFilter.swift; sourceTree = "<group>"; };
		02BDE75E2ACE77D700DF799E /* EditProfileView.swift */ = {isa = PBXFileReference; lastKnownFileType = sourcecode.swift; path = EditProfileView.swift; sourceTree = "<group>"; };
		02E1E9402AC40E4B002ED743 /* CirclularProfileImageView.swift */ = {isa = PBXFileReference; lastKnownFileType = sourcecode.swift; path = CirclularProfileImageView.swift; sourceTree = "<group>"; };
		02E1E9422AC40F05002ED743 /* UserCell.swift */ = {isa = PBXFileReference; lastKnownFileType = sourcecode.swift; path = UserCell.swift; sourceTree = "<group>"; };
		02EDBBA42ABDF489004088B9 /* ThreadsCloneApp.app */ = {isa = PBXFileReference; explicitFileType = wrapper.application; includeInIndex = 0; path = ThreadsCloneApp.app; sourceTree = BUILT_PRODUCTS_DIR; };
		02EDBBA72ABDF489004088B9 /* ThreadsCloneAppApp.swift */ = {isa = PBXFileReference; lastKnownFileType = sourcecode.swift; path = ThreadsCloneAppApp.swift; sourceTree = "<group>"; };
		02EDBBA92ABDF489004088B9 /* ContentView.swift */ = {isa = PBXFileReference; lastKnownFileType = sourcecode.swift; path = ContentView.swift; sourceTree = "<group>"; };
		02EDBBAB2ABDF48B004088B9 /* Assets.xcassets */ = {isa = PBXFileReference; lastKnownFileType = folder.assetcatalog; path = Assets.xcassets; sourceTree = "<group>"; };
		02EDBBAE2ABDF48B004088B9 /* Preview Assets.xcassets */ = {isa = PBXFileReference; lastKnownFileType = folder.assetcatalog; path = "Preview Assets.xcassets"; sourceTree = "<group>"; };
		02EDBBC12ABDF5B4004088B9 /* LoginView.swift */ = {isa = PBXFileReference; lastKnownFileType = sourcecode.swift; path = LoginView.swift; sourceTree = "<group>"; };
		02EDBBC32ABDFC1C004088B9 /* RegistrationView.swift */ = {isa = PBXFileReference; lastKnownFileType = sourcecode.swift; path = RegistrationView.swift; sourceTree = "<group>"; };
		02EDBBC62ABDFDFA004088B9 /* ThreadsTextFieldModifier.swift */ = {isa = PBXFileReference; lastKnownFileType = sourcecode.swift; path = ThreadsTextFieldModifier.swift; sourceTree = "<group>"; };
		02EDBBC92ABE0099004088B9 /* ThreadsTabView.swift */ = {isa = PBXFileReference; lastKnownFileType = sourcecode.swift; path = ThreadsTabView.swift; sourceTree = "<group>"; };
		02EDBBCB2ABE0576004088B9 /* FeedView.swift */ = {isa = PBXFileReference; lastKnownFileType = sourcecode.swift; path = FeedView.swift; sourceTree = "<group>"; };
		02EDBBD12ABE0630004088B9 /* ExplorevView.swift */ = {isa = PBXFileReference; lastKnownFileType = sourcecode.swift; path = ExplorevView.swift; sourceTree = "<group>"; };
		02EDBBD52ABE0667004088B9 /* ActivityView.swift */ = {isa = PBXFileReference; lastKnownFileType = sourcecode.swift; path = ActivityView.swift; sourceTree = "<group>"; };
		02EDBBD92ABE0697004088B9 /* ThreadCreationView.swift */ = {isa = PBXFileReference; lastKnownFileType = sourcecode.swift; path = ThreadCreationView.swift; sourceTree = "<group>"; };
		02EDBBDD2ABE06E6004088B9 /* ProfileView.swift */ = {isa = PBXFileReference; lastKnownFileType = sourcecode.swift; path = ProfileView.swift; sourceTree = "<group>"; };
		02EDBBDF2AC2B787004088B9 /* ThreadCell.swift */ = {isa = PBXFileReference; lastKnownFileType = sourcecode.swift; path = ThreadCell.swift; sourceTree = "<group>"; };
/* End PBXFileReference section */

/* Begin PBXFrameworksBuildPhase section */
		02EDBBA12ABDF489004088B9 /* Frameworks */ = {
			isa = PBXFrameworksBuildPhase;
			buildActionMask = 2147483647;
			files = (
			);
			runOnlyForDeploymentPostprocessing = 0;
		};
/* End PBXFrameworksBuildPhase section */

/* Begin PBXGroup section */
		02BDE7572ACD6A0800DF799E /* Model */ = {
			isa = PBXGroup;
			children = (
				02BDE7582ACD6A1E00DF799E /* ProfileThreadFilter.swift */,
			);
			path = Model;
			sourceTree = "<group>";
		};
		02BDE75A2ACE779200DF799E /* EditProfile */ = {
			isa = PBXGroup;
			children = (
				02BDE75B2ACE77A500DF799E /* View */,
			);
			path = EditProfile;
			sourceTree = "<group>";
		};
		02BDE75B2ACE77A500DF799E /* View */ = {
			isa = PBXGroup;
			children = (
				02BDE75E2ACE77D700DF799E /* EditProfileView.swift */,
			);
			path = View;
			sourceTree = "<group>";
		};
		02E1E93F2AC40E22002ED743 /* Components */ = {
			isa = PBXGroup;
			children = (
				02E1E9402AC40E4B002ED743 /* CirclularProfileImageView.swift */,
				02E1E9422AC40F05002ED743 /* UserCell.swift */,
			);
			path = Components;
			sourceTree = "<group>";
		};
		02EDBB9B2ABDF489004088B9 = {
			isa = PBXGroup;
			children = (
				02EDBBA62ABDF489004088B9 /* ThreadsCloneApp */,
				02EDBBA52ABDF489004088B9 /* Products */,
			);
			sourceTree = "<group>";
		};
		02EDBBA52ABDF489004088B9 /* Products */ = {
			isa = PBXGroup;
			children = (
				02EDBBA42ABDF489004088B9 /* ThreadsCloneApp.app */,
			);
			name = Products;
			sourceTree = "<group>";
		};
		02EDBBA62ABDF489004088B9 /* ThreadsCloneApp */ = {
			isa = PBXGroup;
			children = (
				02EDBBBB2ABDF4F2004088B9 /* App */,
				02EDBBBA2ABDF4F0004088B9 /* Core */,
				02EDBBB92ABDF4EE004088B9 /* Extension */,
				02EDBBB82ABDF4EC004088B9 /* Model */,
				02EDBBB52ABDF4D5004088B9 /* Services */,
				02EDBBB72ABDF4E7004088B9 /* Utils */,
				02EDBBAB2ABDF48B004088B9 /* Assets.xcassets */,
				02EDBBAD2ABDF48B004088B9 /* Preview Content */,
			);
			path = ThreadsCloneApp;
			sourceTree = "<group>";
		};
		02EDBBAD2ABDF48B004088B9 /* Preview Content */ = {
			isa = PBXGroup;
			children = (
				02EDBBAE2ABDF48B004088B9 /* Preview Assets.xcassets */,
			);
			path = "Preview Content";
			sourceTree = "<group>";
		};
		02EDBBB52ABDF4D5004088B9 /* Services */ = {
			isa = PBXGroup;
			children = (
			);
			path = Services;
			sourceTree = "<group>";
		};
		02EDBBB72ABDF4E7004088B9 /* Utils */ = {
			isa = PBXGroup;
			children = (
				02EDBBC52ABDFDD9004088B9 /* ViewModifiers */,
			);
			path = Utils;
			sourceTree = "<group>";
		};
		02EDBBB82ABDF4EC004088B9 /* Model */ = {
			isa = PBXGroup;
			children = (
			);
			path = Model;
			sourceTree = "<group>";
		};
		02EDBBB92ABDF4EE004088B9 /* Extension */ = {
			isa = PBXGroup;
			children = (
			);
			path = Extension;
			sourceTree = "<group>";
		};
		02EDBBBA2ABDF4F0004088B9 /* Core */ = {
			isa = PBXGroup;
			children = (
				02E1E93F2AC40E22002ED743 /* Components */,
				02EDBBDB2ABE06D7004088B9 /* Profile */,
				02EDBBD72ABE0674004088B9 /* ThreadCreation */,
				02EDBBD32ABE0652004088B9 /* Activity */,
				02EDBBCF2ABE05FD004088B9 /* Explore */,
				02EDBBCD2ABE05E2004088B9 /* Feed */,
				02EDBBC82ABDFFA9004088B9 /* Tabbar */,
				02EDBBBD2ABDF572004088B9 /* Root */,
				02EDBBBC2ABDF554004088B9 /* Authentication */,
			);
			path = Core;
			sourceTree = "<group>";
		};
		02EDBBBB2ABDF4F2004088B9 /* App */ = {
			isa = PBXGroup;
			children = (
				02EDBBA72ABDF489004088B9 /* ThreadsCloneAppApp.swift */,
			);
			path = App;
			sourceTree = "<group>";
		};
		02EDBBBC2ABDF554004088B9 /* Authentication */ = {
			isa = PBXGroup;
			children = (
				02EDBBBE2ABDF582004088B9 /* Views */,
			);
			path = Authentication;
			sourceTree = "<group>";
		};
		02EDBBBD2ABDF572004088B9 /* Root */ = {
			isa = PBXGroup;
			children = (
				02EDBBA92ABDF489004088B9 /* ContentView.swift */,
			);
			path = Root;
			sourceTree = "<group>";
		};
		02EDBBBE2ABDF582004088B9 /* Views */ = {
			isa = PBXGroup;
			children = (
				02EDBBC12ABDF5B4004088B9 /* LoginView.swift */,
				02EDBBC32ABDFC1C004088B9 /* RegistrationView.swift */,
			);
			path = Views;
			sourceTree = "<group>";
		};
		02EDBBC52ABDFDD9004088B9 /* ViewModifiers */ = {
			isa = PBXGroup;
			children = (
				02EDBBC62ABDFDFA004088B9 /* ThreadsTextFieldModifier.swift */,
			);
			path = ViewModifiers;
			sourceTree = "<group>";
		};
		02EDBBC82ABDFFA9004088B9 /* Tabbar */ = {
			isa = PBXGroup;
			children = (
				02EDBBC92ABE0099004088B9 /* ThreadsTabView.swift */,
			);
			path = Tabbar;
			sourceTree = "<group>";
		};
		02EDBBCD2ABE05E2004088B9 /* Feed */ = {
			isa = PBXGroup;
			children = (
				02EDBBCE2ABE05EF004088B9 /* View */,
			);
			path = Feed;
			sourceTree = "<group>";
		};
		02EDBBCE2ABE05EF004088B9 /* View */ = {
			isa = PBXGroup;
			children = (
				02EDBBCB2ABE0576004088B9 /* FeedView.swift */,
				02EDBBDF2AC2B787004088B9 /* ThreadCell.swift */,
			);
			path = View;
			sourceTree = "<group>";
		};
		02EDBBCF2ABE05FD004088B9 /* Explore */ = {
			isa = PBXGroup;
			children = (
				02EDBBD02ABE0602004088B9 /* View */,
			);
			path = Explore;
			sourceTree = "<group>";
		};
		02EDBBD02ABE0602004088B9 /* View */ = {
			isa = PBXGroup;
			children = (
				02EDBBD12ABE0630004088B9 /* ExplorevView.swift */,
			);
			path = View;
			sourceTree = "<group>";
		};
		02EDBBD32ABE0652004088B9 /* Activity */ = {
			isa = PBXGroup;
			children = (
				02EDBBD42ABE065A004088B9 /* View */,
			);
			path = Activity;
			sourceTree = "<group>";
		};
		02EDBBD42ABE065A004088B9 /* View */ = {
			isa = PBXGroup;
			children = (
				02EDBBD52ABE0667004088B9 /* ActivityView.swift */,
			);
			path = View;
			sourceTree = "<group>";
		};
		02EDBBD72ABE0674004088B9 /* ThreadCreation */ = {
			isa = PBXGroup;
			children = (
				02EDBBD82ABE0682004088B9 /* View */,
			);
			path = ThreadCreation;
			sourceTree = "<group>";
		};
		02EDBBD82ABE0682004088B9 /* View */ = {
			isa = PBXGroup;
			children = (
				02EDBBD92ABE0697004088B9 /* ThreadCreationView.swift */,
			);
			path = View;
			sourceTree = "<group>";
		};
		02EDBBDB2ABE06D7004088B9 /* Profile */ = {
			isa = PBXGroup;
			children = (
				02BDE75A2ACE779200DF799E /* EditProfile */,
				02BDE7572ACD6A0800DF799E /* Model */,
				02EDBBDC2ABE06DB004088B9 /* View */,
			);
			path = Profile;
			sourceTree = "<group>";
		};
		02EDBBDC2ABE06DB004088B9 /* View */ = {
			isa = PBXGroup;
			children = (
				02EDBBDD2ABE06E6004088B9 /* ProfileView.swift */,
			);
			path = View;
			sourceTree = "<group>";
		};
/* End PBXGroup section */

/* Begin PBXNativeTarget section */
		02EDBBA32ABDF489004088B9 /* ThreadsCloneApp */ = {
			isa = PBXNativeTarget;
			buildConfigurationList = 02EDBBB22ABDF48B004088B9 /* Build configuration list for PBXNativeTarget "ThreadsCloneApp" */;
			buildPhases = (
				02EDBBA02ABDF489004088B9 /* Sources */,
				02EDBBA12ABDF489004088B9 /* Frameworks */,
				02EDBBA22ABDF489004088B9 /* Resources */,
			);
			buildRules = (
			);
			dependencies = (
			);
			name = ThreadsCloneApp;
			productName = ThreadsCloneApp;
			productReference = 02EDBBA42ABDF489004088B9 /* ThreadsCloneApp.app */;
			productType = "com.apple.product-type.application";
		};
/* End PBXNativeTarget section */

/* Begin PBXProject section */
		02EDBB9C2ABDF489004088B9 /* Project object */ = {
			isa = PBXProject;
			attributes = {
				BuildIndependentTargetsInParallel = 1;
				LastSwiftUpdateCheck = 1430;
				LastUpgradeCheck = 1430;
				TargetAttributes = {
					02EDBBA32ABDF489004088B9 = {
						CreatedOnToolsVersion = 14.3.1;
					};
				};
			};
			buildConfigurationList = 02EDBB9F2ABDF489004088B9 /* Build configuration list for PBXProject "ThreadsCloneApp" */;
			compatibilityVersion = "Xcode 14.0";
			developmentRegion = en;
			hasScannedForEncodings = 0;
			knownRegions = (
				en,
				Base,
			);
			mainGroup = 02EDBB9B2ABDF489004088B9;
			productRefGroup = 02EDBBA52ABDF489004088B9 /* Products */;
			projectDirPath = "";
			projectRoot = "";
			targets = (
				02EDBBA32ABDF489004088B9 /* ThreadsCloneApp */,
			);
		};
/* End PBXProject section */

/* Begin PBXResourcesBuildPhase section */
		02EDBBA22ABDF489004088B9 /* Resources */ = {
			isa = PBXResourcesBuildPhase;
			buildActionMask = 2147483647;
			files = (
				02EDBBAF2ABDF48B004088B9 /* Preview Assets.xcassets in Resources */,
				02EDBBAC2ABDF48B004088B9 /* Assets.xcassets in Resources */,
			);
			runOnlyForDeploymentPostprocessing = 0;
		};
/* End PBXResourcesBuildPhase section */

/* Begin PBXSourcesBuildPhase section */
		02EDBBA02ABDF489004088B9 /* Sources */ = {
			isa = PBXSourcesBuildPhase;
			buildActionMask = 2147483647;
			files = (
				02E1E9412AC40E4B002ED743 /* CirclularProfileImageView.swift in Sources */,
				02EDBBCC2ABE0576004088B9 /* FeedView.swift in Sources */,
				02BDE75F2ACE77D700DF799E /* EditProfileView.swift in Sources */,
				02EDBBC22ABDF5B4004088B9 /* LoginView.swift in Sources */,
				02EDBBAA2ABDF489004088B9 /* ContentView.swift in Sources */,
				02EDBBE02AC2B787004088B9 /* ThreadCell.swift in Sources */,
				02EDBBCA2ABE0099004088B9 /* ThreadsTabView.swift in Sources */,
				02E1E9432AC40F05002ED743 /* UserCell.swift in Sources */,
				02EDBBC72ABDFDFA004088B9 /* ThreadsTextFieldModifier.swift in Sources */,
				02BDE7592ACD6A1E00DF799E /* ProfileThreadFilter.swift in Sources */,
				02EDBBD62ABE0667004088B9 /* ActivityView.swift in Sources */,
				02EDBBD22ABE0630004088B9 /* ExplorevView.swift in Sources */,
				02EDBBA82ABDF489004088B9 /* ThreadsCloneAppApp.swift in Sources */,
				02EDBBC42ABDFC1C004088B9 /* RegistrationView.swift in Sources */,
				02EDBBDE2ABE06E6004088B9 /* ProfileView.swift in Sources */,
				02EDBBDA2ABE0697004088B9 /* ThreadCreationView.swift in Sources */,
			);
			runOnlyForDeploymentPostprocessing = 0;
		};
/* End PBXSourcesBuildPhase section */

/* Begin XCBuildConfiguration section */
		02EDBBB02ABDF48B004088B9 /* Debug */ = {
			isa = XCBuildConfiguration;
			buildSettings = {
				ALWAYS_SEARCH_USER_PATHS = NO;
				CLANG_ANALYZER_NONNULL = YES;
				CLANG_ANALYZER_NUMBER_OBJECT_CONVERSION = YES_AGGRESSIVE;
				CLANG_CXX_LANGUAGE_STANDARD = "gnu++20";
				CLANG_ENABLE_MODULES = YES;
				CLANG_ENABLE_OBJC_ARC = YES;
				CLANG_ENABLE_OBJC_WEAK = YES;
				CLANG_WARN_BLOCK_CAPTURE_AUTORELEASING = YES;
				CLANG_WARN_BOOL_CONVERSION = YES;
				CLANG_WARN_COMMA = YES;
				CLANG_WARN_CONSTANT_CONVERSION = YES;
				CLANG_WARN_DEPRECATED_OBJC_IMPLEMENTATIONS = YES;
				CLANG_WARN_DIRECT_OBJC_ISA_USAGE = YES_ERROR;
				CLANG_WARN_DOCUMENTATION_COMMENTS = YES;
				CLANG_WARN_EMPTY_BODY = YES;
				CLANG_WARN_ENUM_CONVERSION = YES;
				CLANG_WARN_INFINITE_RECURSION = YES;
				CLANG_WARN_INT_CONVERSION = YES;
				CLANG_WARN_NON_LITERAL_NULL_CONVERSION = YES;
				CLANG_WARN_OBJC_IMPLICIT_RETAIN_SELF = YES;
				CLANG_WARN_OBJC_LITERAL_CONVERSION = YES;
				CLANG_WARN_OBJC_ROOT_CLASS = YES_ERROR;
				CLANG_WARN_QUOTED_INCLUDE_IN_FRAMEWORK_HEADER = YES;
				CLANG_WARN_RANGE_LOOP_ANALYSIS = YES;
				CLANG_WARN_STRICT_PROTOTYPES = YES;
				CLANG_WARN_SUSPICIOUS_MOVE = YES;
				CLANG_WARN_UNGUARDED_AVAILABILITY = YES_AGGRESSIVE;
				CLANG_WARN_UNREACHABLE_CODE = YES;
				CLANG_WARN__DUPLICATE_METHOD_MATCH = YES;
				COPY_PHASE_STRIP = NO;
				DEBUG_INFORMATION_FORMAT = dwarf;
				ENABLE_STRICT_OBJC_MSGSEND = YES;
				ENABLE_TESTABILITY = YES;
				GCC_C_LANGUAGE_STANDARD = gnu11;
				GCC_DYNAMIC_NO_PIC = NO;
				GCC_NO_COMMON_BLOCKS = YES;
				GCC_OPTIMIZATION_LEVEL = 0;
				GCC_PREPROCESSOR_DEFINITIONS = (
					"DEBUG=1",
					"$(inherited)",
				);
				GCC_WARN_64_TO_32_BIT_CONVERSION = YES;
				GCC_WARN_ABOUT_RETURN_TYPE = YES_ERROR;
				GCC_WARN_UNDECLARED_SELECTOR = YES;
				GCC_WARN_UNINITIALIZED_AUTOS = YES_AGGRESSIVE;
				GCC_WARN_UNUSED_FUNCTION = YES;
				GCC_WARN_UNUSED_VARIABLE = YES;
				IPHONEOS_DEPLOYMENT_TARGET = 16.4;
				MTL_ENABLE_DEBUG_INFO = INCLUDE_SOURCE;
				MTL_FAST_MATH = YES;
				ONLY_ACTIVE_ARCH = YES;
				SDKROOT = iphoneos;
				SWIFT_ACTIVE_COMPILATION_CONDITIONS = DEBUG;
				SWIFT_OPTIMIZATION_LEVEL = "-Onone";
			};
			name = Debug;
		};
		02EDBBB12ABDF48B004088B9 /* Release */ = {
			isa = XCBuildConfiguration;
			buildSettings = {
				ALWAYS_SEARCH_USER_PATHS = NO;
				CLANG_ANALYZER_NONNULL = YES;
				CLANG_ANALYZER_NUMBER_OBJECT_CONVERSION = YES_AGGRESSIVE;
				CLANG_CXX_LANGUAGE_STANDARD = "gnu++20";
				CLANG_ENABLE_MODULES = YES;
				CLANG_ENABLE_OBJC_ARC = YES;
				CLANG_ENABLE_OBJC_WEAK = YES;
				CLANG_WARN_BLOCK_CAPTURE_AUTORELEASING = YES;
				CLANG_WARN_BOOL_CONVERSION = YES;
				CLANG_WARN_COMMA = YES;
				CLANG_WARN_CONSTANT_CONVERSION = YES;
				CLANG_WARN_DEPRECATED_OBJC_IMPLEMENTATIONS = YES;
				CLANG_WARN_DIRECT_OBJC_ISA_USAGE = YES_ERROR;
				CLANG_WARN_DOCUMENTATION_COMMENTS = YES;
				CLANG_WARN_EMPTY_BODY = YES;
				CLANG_WARN_ENUM_CONVERSION = YES;
				CLANG_WARN_INFINITE_RECURSION = YES;
				CLANG_WARN_INT_CONVERSION = YES;
				CLANG_WARN_NON_LITERAL_NULL_CONVERSION = YES;
				CLANG_WARN_OBJC_IMPLICIT_RETAIN_SELF = YES;
				CLANG_WARN_OBJC_LITERAL_CONVERSION = YES;
				CLANG_WARN_OBJC_ROOT_CLASS = YES_ERROR;
				CLANG_WARN_QUOTED_INCLUDE_IN_FRAMEWORK_HEADER = YES;
				CLANG_WARN_RANGE_LOOP_ANALYSIS = YES;
				CLANG_WARN_STRICT_PROTOTYPES = YES;
				CLANG_WARN_SUSPICIOUS_MOVE = YES;
				CLANG_WARN_UNGUARDED_AVAILABILITY = YES_AGGRESSIVE;
				CLANG_WARN_UNREACHABLE_CODE = YES;
				CLANG_WARN__DUPLICATE_METHOD_MATCH = YES;
				COPY_PHASE_STRIP = NO;
				DEBUG_INFORMATION_FORMAT = "dwarf-with-dsym";
				ENABLE_NS_ASSERTIONS = NO;
				ENABLE_STRICT_OBJC_MSGSEND = YES;
				GCC_C_LANGUAGE_STANDARD = gnu11;
				GCC_NO_COMMON_BLOCKS = YES;
				GCC_WARN_64_TO_32_BIT_CONVERSION = YES;
				GCC_WARN_ABOUT_RETURN_TYPE = YES_ERROR;
				GCC_WARN_UNDECLARED_SELECTOR = YES;
				GCC_WARN_UNINITIALIZED_AUTOS = YES_AGGRESSIVE;
				GCC_WARN_UNUSED_FUNCTION = YES;
				GCC_WARN_UNUSED_VARIABLE = YES;
				IPHONEOS_DEPLOYMENT_TARGET = 16.4;
				MTL_ENABLE_DEBUG_INFO = NO;
				MTL_FAST_MATH = YES;
				SDKROOT = iphoneos;
				SWIFT_COMPILATION_MODE = wholemodule;
				SWIFT_OPTIMIZATION_LEVEL = "-O";
				VALIDATE_PRODUCT = YES;
			};
			name = Release;
		};
		02EDBBB32ABDF48B004088B9 /* Debug */ = {
			isa = XCBuildConfiguration;
			buildSettings = {
				ASSETCATALOG_COMPILER_APPICON_NAME = AppIcon;
				ASSETCATALOG_COMPILER_GLOBAL_ACCENT_COLOR_NAME = AccentColor;
				CODE_SIGN_STYLE = Automatic;
				CURRENT_PROJECT_VERSION = 1;
				DEVELOPMENT_ASSET_PATHS = "\"ThreadsCloneApp/Preview Content\"";
				ENABLE_PREVIEWS = YES;
				GENERATE_INFOPLIST_FILE = YES;
				INFOPLIST_KEY_UIApplicationSceneManifest_Generation = YES;
				INFOPLIST_KEY_UIApplicationSupportsIndirectInputEvents = YES;
				INFOPLIST_KEY_UILaunchScreen_Generation = YES;
				INFOPLIST_KEY_UISupportedInterfaceOrientations_iPad = "UIInterfaceOrientationPortrait UIInterfaceOrientationPortraitUpsideDown UIInterfaceOrientationLandscapeLeft UIInterfaceOrientationLandscapeRight";
				INFOPLIST_KEY_UISupportedInterfaceOrientations_iPhone = "UIInterfaceOrientationPortrait UIInterfaceOrientationLandscapeLeft UIInterfaceOrientationLandscapeRight";
				LD_RUNPATH_SEARCH_PATHS = (
					"$(inherited)",
					"@executable_path/Frameworks",
				);
				MARKETING_VERSION = 1.0;
				PRODUCT_BUNDLE_IDENTIFIER = com.aryaveer.ThreadsCloneApp;
				PRODUCT_NAME = "$(TARGET_NAME)";
				SWIFT_EMIT_LOC_STRINGS = YES;
				SWIFT_VERSION = 5.0;
				TARGETED_DEVICE_FAMILY = "1,2";
			};
			name = Debug;
		};
		02EDBBB42ABDF48B004088B9 /* Release */ = {
			isa = XCBuildConfiguration;
			buildSettings = {
				ASSETCATALOG_COMPILER_APPICON_NAME = AppIcon;
				ASSETCATALOG_COMPILER_GLOBAL_ACCENT_COLOR_NAME = AccentColor;
				CODE_SIGN_STYLE = Automatic;
				CURRENT_PROJECT_VERSION = 1;
				DEVELOPMENT_ASSET_PATHS = "\"ThreadsCloneApp/Preview Content\"";
				ENABLE_PREVIEWS = YES;
				GENERATE_INFOPLIST_FILE = YES;
				INFOPLIST_KEY_UIApplicationSceneManifest_Generation = YES;
				INFOPLIST_KEY_UIApplicationSupportsIndirectInputEvents = YES;
				INFOPLIST_KEY_UILaunchScreen_Generation = YES;
				INFOPLIST_KEY_UISupportedInterfaceOrientations_iPad = "UIInterfaceOrientationPortrait UIInterfaceOrientationPortraitUpsideDown UIInterfaceOrientationLandscapeLeft UIInterfaceOrientationLandscapeRight";
				INFOPLIST_KEY_UISupportedInterfaceOrientations_iPhone = "UIInterfaceOrientationPortrait UIInterfaceOrientationLandscapeLeft UIInterfaceOrientationLandscapeRight";
				LD_RUNPATH_SEARCH_PATHS = (
					"$(inherited)",
					"@executable_path/Frameworks",
				);
				MARKETING_VERSION = 1.0;
				PRODUCT_BUNDLE_IDENTIFIER = com.aryaveer.ThreadsCloneApp;
				PRODUCT_NAME = "$(TARGET_NAME)";
				SWIFT_EMIT_LOC_STRINGS = YES;
				SWIFT_VERSION = 5.0;
				TARGETED_DEVICE_FAMILY = "1,2";
			};
			name = Release;
		};
/* End XCBuildConfiguration section */

/* Begin XCConfigurationList section */
		02EDBB9F2ABDF489004088B9 /* Build configuration list for PBXProject "ThreadsCloneApp" */ = {
			isa = XCConfigurationList;
			buildConfigurations = (
				02EDBBB02ABDF48B004088B9 /* Debug */,
				02EDBBB12ABDF48B004088B9 /* Release */,
			);
			defaultConfigurationIsVisible = 0;
			defaultConfigurationName = Release;
		};
		02EDBBB22ABDF48B004088B9 /* Build configuration list for PBXNativeTarget "ThreadsCloneApp" */ = {
			isa = XCConfigurationList;
			buildConfigurations = (
				02EDBBB32ABDF48B004088B9 /* Debug */,
				02EDBBB42ABDF48B004088B9 /* Release */,
			);
			defaultConfigurationIsVisible = 0;
			defaultConfigurationName = Release;
		};
/* End XCConfigurationList section */
	};
	rootObject = 02EDBB9C2ABDF489004088B9 /* Project object */;
}
